
Microsoft Visual Studio Solution File, Format Version 12.00
# Visual Studio 14
VisualStudioVersion = 14.0.25123.0
MinimumVisualStudioVersion = 10.0.40219.1
Project("{2150E333-8FDC-42A3-9474-1A3956D46DE8}") = "src", "src", "{3CEC1312-FCB5-4314-A338-ABCF02FBAA52}"
EndProject
Project("{2150E333-8FDC-42A3-9474-1A3956D46DE8}") = "Solution Items", "Solution Items", "{2F22181C-DFBE-4DC2-8B5D-BFE3D8CB54DE}"
	ProjectSection(SolutionItems) = preProject
		global.json = global.json
		nuget.config = nuget.config
		README.md = README.md
	EndProjectSection
EndProject
Project("{8BB2217D-0F2D-49D1-97BC-3654ED321F3B}") = "NX595Interface", "src\NX595Interface\NX595Interface.xproj", "{82A078EE-54AE-4000-9902-5004E0B8E4F5}"
EndProject
Global
	GlobalSection(SolutionConfigurationPlatforms) = preSolution
		Debug|Any CPU = Debug|Any CPU
		Release|Any CPU = Release|Any CPU
	EndGlobalSection
	GlobalSection(ProjectConfigurationPlatforms) = postSolution
		{82A078EE-54AE-4000-9902-5004E0B8E4F5}.Debug|Any CPU.ActiveCfg = Debug|Any CPU
		{82A078EE-54AE-4000-9902-5004E0B8E4F5}.Debug|Any CPU.Build.0 = Debug|Any CPU
		{82A078EE-54AE-4000-9902-5004E0B8E4F5}.Release|Any CPU.ActiveCfg = Release|Any CPU
		{82A078EE-54AE-4000-9902-5004E0B8E4F5}.Release|Any CPU.Build.0 = Release|Any CPU
	EndGlobalSection
	GlobalSection(SolutionProperties) = preSolution
		HideSolutionNode = FALSE
	EndGlobalSection
	GlobalSection(NestedProjects) = preSolution
		{82A078EE-54AE-4000-9902-5004E0B8E4F5} = {3CEC1312-FCB5-4314-A338-ABCF02FBAA52}
	EndGlobalSection
EndGlobal
